
Microsoft Visual Studio Solution File, Format Version 12.00
# Visual Studio Version 16
VisualStudioVersion = 16.0.30717.126
MinimumVisualStudioVersion = 10.0.40219.1
Project("{9A19103F-16F7-4668-BE54-9A1E7A4F7556}") = "Samples.DepthCameras", "Samples\Samples.DepthCameras\Samples.DepthCameras.csproj", "{543445A2-1FE0-45D0-A99B-F826F12DEDA3}"
EndProject
Project("{9A19103F-16F7-4668-BE54-9A1E7A4F7556}") = "Samples.Yolo-tiny", "Samples\Samples.Yolo-tiny\Samples.Yolo-tiny.csproj", "{0785E885-8E07-4975-890A-65D8BD189188}"
EndProject
Project("{9A19103F-16F7-4668-BE54-9A1E7A4F7556}") = "Samples.Socket", "Samples\Samples.Socket\Samples.Socket.csproj", "{C6FA6925-AFEB-4EED-8728-FAD444A63FD9}"
EndProject
Project("{9A19103F-16F7-4668-BE54-9A1E7A4F7556}") = "Samples.Yolo-Labeller", "Samples\Samples.Yolo-Labeller\Samples.Yolo-Labeller.csproj", "{D675636B-1A6E-4FDA-910C-2EF1456F2708}"
EndProject
Project("{9A19103F-16F7-4668-BE54-9A1E7A4F7556}") = "Samples.Tracking", "Samples\Samples.Tracking\Samples.Tracking.csproj", "{40032ACB-E15B-41DB-8C1B-7C185AA835BD}"
EndProject
Project("{9A19103F-16F7-4668-BE54-9A1E7A4F7556}") = "Samples.Yolo-Validation", "Samples\Samples.Yolo-Validation\Samples.Yolo-Validation.csproj", "{9847011D-B0B1-4B43-B601-5AFFB7CA38B0}"
EndProject
Project("{9A19103F-16F7-4668-BE54-9A1E7A4F7556}") = "Yamashita", "Yamashita\Yamashita.csproj", "{2D91C2D7-6E57-4F51-94EB-4603FA50A9A4}"
EndProject
Global
	GlobalSection(SolutionConfigurationPlatforms) = preSolution
		Debug|Any CPU = Debug|Any CPU
		Debug|x64 = Debug|x64
		Release|Any CPU = Release|Any CPU
		Release|x64 = Release|x64
	EndGlobalSection
	GlobalSection(ProjectConfigurationPlatforms) = postSolution
		{543445A2-1FE0-45D0-A99B-F826F12DEDA3}.Debug|Any CPU.ActiveCfg = Debug|x64
		{543445A2-1FE0-45D0-A99B-F826F12DEDA3}.Debug|Any CPU.Build.0 = Debug|x64
		{543445A2-1FE0-45D0-A99B-F826F12DEDA3}.Debug|x64.ActiveCfg = Debug|Any CPU
		{543445A2-1FE0-45D0-A99B-F826F12DEDA3}.Debug|x64.Build.0 = Debug|Any CPU
		{543445A2-1FE0-45D0-A99B-F826F12DEDA3}.Release|Any CPU.ActiveCfg = Release|x64
		{543445A2-1FE0-45D0-A99B-F826F12DEDA3}.Release|Any CPU.Build.0 = Release|x64
		{543445A2-1FE0-45D0-A99B-F826F12DEDA3}.Release|x64.ActiveCfg = Release|Any CPU
		{543445A2-1FE0-45D0-A99B-F826F12DEDA3}.Release|x64.Build.0 = Release|Any CPU
		{0785E885-8E07-4975-890A-65D8BD189188}.Debug|Any CPU.ActiveCfg = Debug|Any CPU
		{0785E885-8E07-4975-890A-65D8BD189188}.Debug|Any CPU.Build.0 = Debug|Any CPU
		{0785E885-8E07-4975-890A-65D8BD189188}.Debug|x64.ActiveCfg = Debug|Any CPU
		{0785E885-8E07-4975-890A-65D8BD189188}.Debug|x64.Build.0 = Debug|Any CPU
		{0785E885-8E07-4975-890A-65D8BD189188}.Release|Any CPU.ActiveCfg = Release|Any CPU
		{0785E885-8E07-4975-890A-65D8BD189188}.Release|Any CPU.Build.0 = Release|Any CPU
		{0785E885-8E07-4975-890A-65D8BD189188}.Release|x64.ActiveCfg = Release|Any CPU
		{0785E885-8E07-4975-890A-65D8BD189188}.Release|x64.Build.0 = Release|Any CPU
		{C6FA6925-AFEB-4EED-8728-FAD444A63FD9}.Debug|Any CPU.ActiveCfg = Debug|Any CPU
		{C6FA6925-AFEB-4EED-8728-FAD444A63FD9}.Debug|Any CPU.Build.0 = Debug|Any CPU
		{C6FA6925-AFEB-4EED-8728-FAD444A63FD9}.Debug|x64.ActiveCfg = Debug|Any CPU
		{C6FA6925-AFEB-4EED-8728-FAD444A63FD9}.Debug|x64.Build.0 = Debug|Any CPU
		{C6FA6925-AFEB-4EED-8728-FAD444A63FD9}.Release|Any CPU.ActiveCfg = Release|Any CPU
		{C6FA6925-AFEB-4EED-8728-FAD444A63FD9}.Release|Any CPU.Build.0 = Release|Any CPU
		{C6FA6925-AFEB-4EED-8728-FAD444A63FD9}.Release|x64.ActiveCfg = Release|Any CPU
		{C6FA6925-AFEB-4EED-8728-FAD444A63FD9}.Release|x64.Build.0 = Release|Any CPU
		{D675636B-1A6E-4FDA-910C-2EF1456F2708}.Debug|Any CPU.ActiveCfg = Debug|Any CPU
		{D675636B-1A6E-4FDA-910C-2EF1456F2708}.Debug|Any CPU.Build.0 = Debug|Any CPU
		{D675636B-1A6E-4FDA-910C-2EF1456F2708}.Debug|x64.ActiveCfg = Debug|Any CPU
		{D675636B-1A6E-4FDA-910C-2EF1456F2708}.Debug|x64.Build.0 = Debug|Any CPU
		{D675636B-1A6E-4FDA-910C-2EF1456F2708}.Release|Any CPU.ActiveCfg = Release|Any CPU
		{D675636B-1A6E-4FDA-910C-2EF1456F2708}.Release|Any CPU.Build.0 = Release|Any CPU
		{D675636B-1A6E-4FDA-910C-2EF1456F2708}.Release|x64.ActiveCfg = Release|Any CPU
		{D675636B-1A6E-4FDA-910C-2EF1456F2708}.Release|x64.Build.0 = Release|Any CPU
		{40032ACB-E15B-41DB-8C1B-7C185AA835BD}.Debug|Any CPU.ActiveCfg = Debug|Any CPU
		{40032ACB-E15B-41DB-8C1B-7C185AA835BD}.Debug|Any CPU.Build.0 = Debug|Any CPU
		{40032ACB-E15B-41DB-8C1B-7C185AA835BD}.Debug|x64.ActiveCfg = Debug|Any CPU
		{40032ACB-E15B-41DB-8C1B-7C185AA835BD}.Debug|x64.Build.0 = Debug|Any CPU
		{40032ACB-E15B-41DB-8C1B-7C185AA835BD}.Release|Any CPU.ActiveCfg = Release|Any CPU
		{40032ACB-E15B-41DB-8C1B-7C185AA835BD}.Release|Any CPU.Build.0 = Release|Any CPU
		{40032ACB-E15B-41DB-8C1B-7C185AA835BD}.Release|x64.ActiveCfg = Release|Any CPU
		{40032ACB-E15B-41DB-8C1B-7C185AA835BD}.Release|x64.Build.0 = Release|Any CPU
		{9847011D-B0B1-4B43-B601-5AFFB7CA38B0}.Debug|Any CPU.ActiveCfg = Debug|Any CPU
		{9847011D-B0B1-4B43-B601-5AFFB7CA38B0}.Debug|Any CPU.Build.0 = Debug|Any CPU
		{9847011D-B0B1-4B43-B601-5AFFB7CA38B0}.Debug|x64.ActiveCfg = Debug|Any CPU
		{9847011D-B0B1-4B43-B601-5AFFB7CA38B0}.Debug|x64.Build.0 = Debug|Any CPU
		{9847011D-B0B1-4B43-B601-5AFFB7CA38B0}.Release|Any CPU.ActiveCfg = Release|Any CPU
		{9847011D-B0B1-4B43-B601-5AFFB7CA38B0}.Release|Any CPU.Build.0 = Release|Any CPU
		{9847011D-B0B1-4B43-B601-5AFFB7CA38B0}.Release|x64.ActiveCfg = Release|Any CPU
		{9847011D-B0B1-4B43-B601-5AFFB7CA38B0}.Release|x64.Build.0 = Release|Any CPU
		{2D91C2D7-6E57-4F51-94EB-4603FA50A9A4}.Debug|Any CPU.ActiveCfg = Debug|x64
		{2D91C2D7-6E57-4F51-94EB-4603FA50A9A4}.Debug|Any CPU.Build.0 = Debug|x64
		{2D91C2D7-6E57-4F51-94EB-4603FA50A9A4}.Debug|x64.ActiveCfg = Debug|Any CPU
		{2D91C2D7-6E57-4F51-94EB-4603FA50A9A4}.Debug|x64.Build.0 = Debug|Any CPU
		{2D91C2D7-6E57-4F51-94EB-4603FA50A9A4}.Release|Any CPU.ActiveCfg = Release|x64
		{2D91C2D7-6E57-4F51-94EB-4603FA50A9A4}.Release|Any CPU.Build.0 = Release|x64
		{2D91C2D7-6E57-4F51-94EB-4603FA50A9A4}.Release|x64.ActiveCfg = Release|Any CPU
		{2D91C2D7-6E57-4F51-94EB-4603FA50A9A4}.Release|x64.Build.0 = Release|Any CPU
	EndGlobalSection
	GlobalSection(SolutionProperties) = preSolution
		HideSolutionNode = FALSE
	EndGlobalSection
	GlobalSection(ExtensibilityGlobals) = postSolution
		SolutionGuid = {C7E8A650-965E-4175-B03C-832FABDB4FFA}
	EndGlobalSection
EndGlobal
